
Microsoft Visual Studio Solution File, Format Version 12.00
# Visual Studio Version 16
VisualStudioVersion = 16.0.30621.155
MinimumVisualStudioVersion = 10.0.40219.1
Project("{2150E333-8FDC-42A3-9474-1A3956D46DE8}") = "Application", "Application", "{74A8FC4E-66FC-4DEE-8337-8CF895B366F7}"
EndProject
Project("{2150E333-8FDC-42A3-9474-1A3956D46DE8}") = "Domain", "Domain", "{03593A23-D755-4003-9BDC-5834D9BA189B}"
EndProject
Project("{2150E333-8FDC-42A3-9474-1A3956D46DE8}") = "Infra.IoC", "Infra.IoC", "{FDC17F83-C1FB-47F7-9066-9CAA390265E8}"
EndProject
Project("{2150E333-8FDC-42A3-9474-1A3956D46DE8}") = "Infra.Data", "Infra.Data", "{B3934805-102C-4A76-8CB3-E7A1AAE96161}"
EndProject
Project("{2150E333-8FDC-42A3-9474-1A3956D46DE8}") = "Presentation", "Presentation", "{47F19EEC-BECC-4BA8-BFA1-C46C861AE4A5}"
EndProject
Project("{9A19103F-16F7-4668-BE54-9A1E7A4F7556}") = "CleanArch.Mvc", "CleanArch.Mvc\CleanArch.Mvc.csproj", "{452BCD0C-F0E4-4CEA-B9F8-3324239BE10E}"
EndProject
Project("{9A19103F-16F7-4668-BE54-9A1E7A4F7556}") = "CleanArch.Domain", "CleanArch.Domain\CleanArch.Domain.csproj", "{DF8D20A3-4B22-4279-983F-E96C63EEC18E}"
EndProject
Project("{9A19103F-16F7-4668-BE54-9A1E7A4F7556}") = "CleanArch.Infra.Data", "CleanArch.Infra.Data\CleanArch.Infra.Data.csproj", "{3824E9BA-7CA9-40F8-8A51-B5675991DD3F}"
EndProject
Project("{FAE04EC0-301F-11D3-BF4B-00C04F79EFBC}") = "CleanArch.Application", "CleanArch.Application\CleanArch.Application.csproj", "{637A471E-3C1C-4471-B2D3-28707B4EA8AB}"
EndProject
Project("{FAE04EC0-301F-11D3-BF4B-00C04F79EFBC}") = "CleanArch.Infra.IoC", "CleanArch.Infra.IoC\CleanArch.Infra.IoC.csproj", "{49C7C555-82E7-457C-A2B5-7A6354106A40}"
EndProject
Project("{2150E333-8FDC-42A3-9474-1A3956D46DE8}") = "Infra.Bus", "Infra.Bus", "{25215BE7-17BD-43D6-AE1E-2223CD523BB2}"
EndProject
Project("{2150E333-8FDC-42A3-9474-1A3956D46DE8}") = "Api", "Api", "{EDCF6647-3D54-469F-B23F-B422AA9C720E}"
EndProject
Project("{FAE04EC0-301F-11D3-BF4B-00C04F79EFBC}") = "CleanArch.Infra.Bus", "CleanArch.Infra.Bus\CleanArch.Infra.Bus.csproj", "{1EEDF882-5C59-42FB-9DF9-2DAD3426D256}"
EndProject
Global
	GlobalSection(SolutionConfigurationPlatforms) = preSolution
		Debug|Any CPU = Debug|Any CPU
		Release|Any CPU = Release|Any CPU
	EndGlobalSection
	GlobalSection(ProjectConfigurationPlatforms) = postSolution
		{452BCD0C-F0E4-4CEA-B9F8-3324239BE10E}.Debug|Any CPU.ActiveCfg = Debug|Any CPU
		{452BCD0C-F0E4-4CEA-B9F8-3324239BE10E}.Debug|Any CPU.Build.0 = Debug|Any CPU
		{452BCD0C-F0E4-4CEA-B9F8-3324239BE10E}.Release|Any CPU.ActiveCfg = Release|Any CPU
		{452BCD0C-F0E4-4CEA-B9F8-3324239BE10E}.Release|Any CPU.Build.0 = Release|Any CPU
		{DF8D20A3-4B22-4279-983F-E96C63EEC18E}.Debug|Any CPU.ActiveCfg = Debug|Any CPU
		{DF8D20A3-4B22-4279-983F-E96C63EEC18E}.Debug|Any CPU.Build.0 = Debug|Any CPU
		{DF8D20A3-4B22-4279-983F-E96C63EEC18E}.Release|Any CPU.ActiveCfg = Release|Any CPU
		{DF8D20A3-4B22-4279-983F-E96C63EEC18E}.Release|Any CPU.Build.0 = Release|Any CPU
		{3824E9BA-7CA9-40F8-8A51-B5675991DD3F}.Debug|Any CPU.ActiveCfg = Debug|Any CPU
		{3824E9BA-7CA9-40F8-8A51-B5675991DD3F}.Debug|Any CPU.Build.0 = Debug|Any CPU
		{3824E9BA-7CA9-40F8-8A51-B5675991DD3F}.Release|Any CPU.ActiveCfg = Release|Any CPU
		{3824E9BA-7CA9-40F8-8A51-B5675991DD3F}.Release|Any CPU.Build.0 = Release|Any CPU
		{637A471E-3C1C-4471-B2D3-28707B4EA8AB}.Debug|Any CPU.ActiveCfg = Debug|Any CPU
		{637A471E-3C1C-4471-B2D3-28707B4EA8AB}.Debug|Any CPU.Build.0 = Debug|Any CPU
		{637A471E-3C1C-4471-B2D3-28707B4EA8AB}.Release|Any CPU.ActiveCfg = Release|Any CPU
		{637A471E-3C1C-4471-B2D3-28707B4EA8AB}.Release|Any CPU.Build.0 = Release|Any CPU
		{49C7C555-82E7-457C-A2B5-7A6354106A40}.Debug|Any CPU.ActiveCfg = Debug|Any CPU
		{49C7C555-82E7-457C-A2B5-7A6354106A40}.Debug|Any CPU.Build.0 = Debug|Any CPU
		{49C7C555-82E7-457C-A2B5-7A6354106A40}.Release|Any CPU.ActiveCfg = Release|Any CPU
		{49C7C555-82E7-457C-A2B5-7A6354106A40}.Release|Any CPU.Build.0 = Release|Any CPU
		{1EEDF882-5C59-42FB-9DF9-2DAD3426D256}.Debug|Any CPU.ActiveCfg = Debug|Any CPU
		{1EEDF882-5C59-42FB-9DF9-2DAD3426D256}.Debug|Any CPU.Build.0 = Debug|Any CPU
		{1EEDF882-5C59-42FB-9DF9-2DAD3426D256}.Release|Any CPU.ActiveCfg = Release|Any CPU
		{1EEDF882-5C59-42FB-9DF9-2DAD3426D256}.Release|Any CPU.Build.0 = Release|Any CPU
	EndGlobalSection
	GlobalSection(SolutionProperties) = preSolution
		HideSolutionNode = FALSE
	EndGlobalSection
	GlobalSection(NestedProjects) = preSolution
		{452BCD0C-F0E4-4CEA-B9F8-3324239BE10E} = {47F19EEC-BECC-4BA8-BFA1-C46C861AE4A5}
		{DF8D20A3-4B22-4279-983F-E96C63EEC18E} = {03593A23-D755-4003-9BDC-5834D9BA189B}
		{3824E9BA-7CA9-40F8-8A51-B5675991DD3F} = {B3934805-102C-4A76-8CB3-E7A1AAE96161}
		{637A471E-3C1C-4471-B2D3-28707B4EA8AB} = {74A8FC4E-66FC-4DEE-8337-8CF895B366F7}
		{49C7C555-82E7-457C-A2B5-7A6354106A40} = {FDC17F83-C1FB-47F7-9066-9CAA390265E8}
		{1EEDF882-5C59-42FB-9DF9-2DAD3426D256} = {25215BE7-17BD-43D6-AE1E-2223CD523BB2}
	EndGlobalSection
	GlobalSection(ExtensibilityGlobals) = postSolution
		SolutionGuid = {45BC00CA-7EB5-4017-9FA2-5BECBF9E1359}
	EndGlobalSection
EndGlobal
