
Microsoft Visual Studio Solution File, Format Version 12.00
# Visual Studio Version 16
VisualStudioVersion = 16.0.30621.155
MinimumVisualStudioVersion = 10.0.40219.1
Project("{2150E333-8FDC-42A3-9474-1A3956D46DE8}") = "CleanArch.Application", "CleanArch.Application", "{74A8FC4E-66FC-4DEE-8337-8CF895B366F7}"
EndProject
Project("{2150E333-8FDC-42A3-9474-1A3956D46DE8}") = "CleanArch.Domain", "CleanArch.Domain", "{03593A23-D755-4003-9BDC-5834D9BA189B}"
EndProject
Project("{2150E333-8FDC-42A3-9474-1A3956D46DE8}") = "CleanArch.Infra.IoC", "CleanArch.Infra.IoC", "{FDC17F83-C1FB-47F7-9066-9CAA390265E8}"
EndProject
Project("{2150E333-8FDC-42A3-9474-1A3956D46DE8}") = "CleanArch.Infra.Data", "CleanArch.Infra.Data", "{B3934805-102C-4A76-8CB3-E7A1AAE96161}"
EndProject
Project("{2150E333-8FDC-42A3-9474-1A3956D46DE8}") = "CleanArch.UI.Mvc", "CleanArch.UI.Mvc", "{47F19EEC-BECC-4BA8-BFA1-C46C861AE4A5}"
EndProject
Project("{FAE04EC0-301F-11D3-BF4B-00C04F79EFBC}") = "CleanArch.Mvc", "CleanArch.Mvc\CleanArch.Mvc.csproj", "{452BCD0C-F0E4-4CEA-B9F8-3324239BE10E}"
EndProject
Global
	GlobalSection(SolutionConfigurationPlatforms) = preSolution
		Debug|Any CPU = Debug|Any CPU
		Release|Any CPU = Release|Any CPU
	EndGlobalSection
	GlobalSection(ProjectConfigurationPlatforms) = postSolution
		{452BCD0C-F0E4-4CEA-B9F8-3324239BE10E}.Debug|Any CPU.ActiveCfg = Debug|Any CPU
		{452BCD0C-F0E4-4CEA-B9F8-3324239BE10E}.Debug|Any CPU.Build.0 = Debug|Any CPU
		{452BCD0C-F0E4-4CEA-B9F8-3324239BE10E}.Release|Any CPU.ActiveCfg = Release|Any CPU
		{452BCD0C-F0E4-4CEA-B9F8-3324239BE10E}.Release|Any CPU.Build.0 = Release|Any CPU
	EndGlobalSection
	GlobalSection(SolutionProperties) = preSolution
		HideSolutionNode = FALSE
	EndGlobalSection
	GlobalSection(NestedProjects) = preSolution
		{452BCD0C-F0E4-4CEA-B9F8-3324239BE10E} = {47F19EEC-BECC-4BA8-BFA1-C46C861AE4A5}
	EndGlobalSection
	GlobalSection(ExtensibilityGlobals) = postSolution
		SolutionGuid = {45BC00CA-7EB5-4017-9FA2-5BECBF9E1359}
	EndGlobalSection
EndGlobal
